
Microsoft Visual Studio Solution File, Format Version 12.00
# Visual Studio 2013
VisualStudioVersion = 12.0.31101.0
MinimumVisualStudioVersion = 10.0.40219.1
Project("{FAE04EC0-301F-11D3-BF4B-00C04F79EFBC}") = "RedisDemoApp", "src\RedisDemoApp\RedisDemoApp.csproj", "{C77D08E2-76BA-49D7-80CF-11025195EFE8}"
EndProject
Project("{2150E333-8FDC-42A3-9474-1A3956D46DE8}") = "Solution Items", "Solution Items", "{FA5F143F-6BBD-4815-9F8B-79789EC5E73C}"
	ProjectSection(SolutionItems) = preProject
		docs\00-InitialSetup.md = docs\00-InitialSetup.md
		docs\01-AddingRedis.md = docs\01-AddingRedis.md
		README.md = README.md
	EndProjectSection
EndProject
Project("{2150E333-8FDC-42A3-9474-1A3956D46DE8}") = ".nuget", ".nuget", "{C747B483-1B12-4374-B4A3-02F563698C63}"
	ProjectSection(SolutionItems) = preProject
		.nuget\packages.config = .nuget\packages.config
	EndProjectSection
EndProject
Global
	GlobalSection(SolutionConfigurationPlatforms) = preSolution
		Debug|Any CPU = Debug|Any CPU
		Release|Any CPU = Release|Any CPU
	EndGlobalSection
	GlobalSection(ProjectConfigurationPlatforms) = postSolution
		{C77D08E2-76BA-49D7-80CF-11025195EFE8}.Debug|Any CPU.ActiveCfg = Debug|Any CPU
		{C77D08E2-76BA-49D7-80CF-11025195EFE8}.Debug|Any CPU.Build.0 = Debug|Any CPU
		{C77D08E2-76BA-49D7-80CF-11025195EFE8}.Release|Any CPU.ActiveCfg = Release|Any CPU
		{C77D08E2-76BA-49D7-80CF-11025195EFE8}.Release|Any CPU.Build.0 = Release|Any CPU
	EndGlobalSection
	GlobalSection(SolutionProperties) = preSolution
		HideSolutionNode = FALSE
	EndGlobalSection
EndGlobal
